
Microsoft Visual Studio Solution File, Format Version 12.00
# Visual Studio Version 16
VisualStudioVersion = 16.0.29709.97
MinimumVisualStudioVersion = 10.0.40219.1
Project("{FAE04EC0-301F-11D3-BF4B-00C04F79EFBC}") = "FatimasCustomList", "FatimasCustomList.csproj", "{5D6C5B0F-5D67-4ADF-8374-52F8536281AE}"
EndProject
Project("{FAE04EC0-301F-11D3-BF4B-00C04F79EFBC}") = "CustomListUnitTest", "CustomListUnitTest\CustomListUnitTest.csproj", "{ADE15CF4-6D35-407E-8242-F56F6D5229DB}"
EndProject
Global
	GlobalSection(SolutionConfigurationPlatforms) = preSolution
		Debug|Any CPU = Debug|Any CPU
		Release|Any CPU = Release|Any CPU
	EndGlobalSection
	GlobalSection(ProjectConfigurationPlatforms) = postSolution
		{5D6C5B0F-5D67-4ADF-8374-52F8536281AE}.Debug|Any CPU.ActiveCfg = Debug|Any CPU
		{5D6C5B0F-5D67-4ADF-8374-52F8536281AE}.Debug|Any CPU.Build.0 = Debug|Any CPU
		{5D6C5B0F-5D67-4ADF-8374-52F8536281AE}.Release|Any CPU.ActiveCfg = Release|Any CPU
		{5D6C5B0F-5D67-4ADF-8374-52F8536281AE}.Release|Any CPU.Build.0 = Release|Any CPU
		{ADE15CF4-6D35-407E-8242-F56F6D5229DB}.Debug|Any CPU.ActiveCfg = Debug|Any CPU
		{ADE15CF4-6D35-407E-8242-F56F6D5229DB}.Debug|Any CPU.Build.0 = Debug|Any CPU
		{ADE15CF4-6D35-407E-8242-F56F6D5229DB}.Release|Any CPU.ActiveCfg = Release|Any CPU
		{ADE15CF4-6D35-407E-8242-F56F6D5229DB}.Release|Any CPU.Build.0 = Release|Any CPU
	EndGlobalSection
	GlobalSection(SolutionProperties) = preSolution
		HideSolutionNode = FALSE
	EndGlobalSection
	GlobalSection(ExtensibilityGlobals) = postSolution
		SolutionGuid = {F8122868-0AA2-4C34-81EF-D5C17AAABE59}
	EndGlobalSection
EndGlobal
